{
  "name": "project",
  "version": "0.0.0",
  "lockfileVersion": 1,
  "requires": true,
  "dependencies": {
    "media-typer": {
      "version": "0.3.0",
      "resolved": "https://registry.npmjs.org/media-typer/-/media-typer-0.3.0.tgz",
      "integrity": "sha1-hxDXrwqmJvj/+hzgAWhUUmMlV0g="
    },
    "merge-descriptors": {
      "version": "1.0.1",
      "resolved": "https://registry.npmjs.org/merge-descriptors/-/merge-descriptors-1.0.1.tgz",
      "integrity": "sha1-sAqqVW3YtEVoFQ7J0blT8/kMu2E="
    },
    "methods": {
      "version": "1.1.2",
      "resolved": "https://registry.npmjs.org/methods/-/methods-1.1.2.tgz",
      "integrity": "sha1-VSmk1nZUE07cxSZmVoNbD4Ua/O4="
    },
    "mime": {
      "version": "1.3.4",
      "resolved": "https://registry.npmjs.org/mime/-/mime-1.3.4.tgz",
      "integrity": "sha1-EV+eO2s9rylZmDyzjxSaLUDrXVM="
    },
    "mime-db": {
      "version": "1.33.0",
      "resolved": "https://registry.npmjs.org/mime-db/-/mime-db-1.33.0.tgz",
      "integrity": "sha512-BHJ/EKruNIqJf/QahvxwQZXKygOQ256myeN/Ew+THcAa5q+PjyTTMMeNQC4DZw5AwfvelsUrA6B67NKMqXDbzQ=="
    },
    "mime-types": {
      "version": "2.1.18",
      "resolved": "https://registry.npmjs.org/mime-types/-/mime-types-2.1.18.tgz",
      "integrity": "sha512-lc/aahn+t4/SWV/qcmumYjymLsWfN3ELhpmVuUFjgsORruuZPVSwAQryq+HHGvO/SI2KVX26bx+En+zhM8g8hQ==",
      "requires": {
        "mime-db": "1.33.0"
      }
    },
    "minimist": {
      "version": "0.0.8",
      "resolved": "https://registry.npmjs.org/minimist/-/minimist-0.0.8.tgz",
      "integrity": "sha1-hX/Kv8M5fSYluCKCYuhqp6ARsF0="
    },
    "mkdirp": {
      "version": "0.5.1",
      "resolved": "https://registry.npmjs.org/mkdirp/-/mkdirp-0.5.1.tgz",
      "integrity": "sha1-MAV0OOrGz3+MR2fzhkjWaX11yQM=",
      "requires": {
        "minimist": "0.0.8"
      }
    },
    "morgan": {
      "version": "1.9.0",
      "resolved": "https://registry.npmjs.org/morgan/-/morgan-1.9.0.tgz",
      "integrity": "sha1-0B+mxlhZt2/PMbPLU6OCGjEdgFE=",
      "requires": {
        "basic-auth": "2.0.0",
        "debug": "2.6.9",
        "depd": "1.1.2",
        "on-finished": "2.3.0",
        "on-headers": "1.0.1"
      }
    },
    "ms": {
      "version": "2.0.0",
      "resolved": "https://registry.npmjs.org/ms/-/ms-2.0.0.tgz",
      "integrity": "sha1-VgiurfwAvmwpAd9fmGF4jeDVl8g="
    },
    "mysql": {
      "version": "2.15.0",
      "resolved": "https://registry.npmjs.org/mysql/-/mysql-2.15.0.tgz",
      "integrity": "sha512-C7tjzWtbN5nzkLIV+E8Crnl9bFyc7d3XJcBAvHKEVkjrYjogz3llo22q6s/hw+UcsE4/844pDob9ac+3dVjQSA==",
      "requires": {
        "bignumber.js": "4.0.4",
        "readable-stream": "2.3.3",
        "safe-buffer": "5.1.1",
        "sqlstring": "2.3.0"
      }
    },
    "negotiator": {
      "version": "0.6.1",
      "resolved": "https://registry.npmjs.org/negotiator/-/negotiator-0.6.1.tgz",
      "integrity": "sha1-KzJxhOiZIQEXeyhWP7XnECrNDKk="
    },
    "on-finished": {
      "version": "2.3.0",
      "resolved": "https://registry.npmjs.org/on-finished/-/on-finished-2.3.0.tgz",
      "integrity": "sha1-IPEzZIGwg811M3mSoWlxqi2QaUc=",
      "requires": {
        "ee-first": "1.1.1"
      }
    },
    "on-headers": {
      "version": "1.0.1",
      "resolved": "https://registry.npmjs.org/on-headers/-/on-headers-1.0.1.tgz",
      "integrity": "sha1-ko9dD0cNSTQmUepnlLCFfBAGk/c="
    },
    "optimist": {
      "version": "0.3.7",
      "resolved": "https://registry.npmjs.org/optimist/-/optimist-0.3.7.tgz",
      "integrity": "sha1-yQlBrVnkJzMokjB00s8ufLxuwNk=",
      "requires": {
        "wordwrap": "0.0.3"
      }
    },
    "parseurl": {
      "version": "1.3.2",
      "resolved": "https://registry.npmjs.org/parseurl/-/parseurl-1.3.2.tgz",
      "integrity": "sha1-/CidTtiZMRlGDBViUyYs3I3mW/M="
    },
    "path-to-regexp": {
      "version": "0.1.7",
      "resolved": "https://registry.npmjs.org/path-to-regexp/-/path-to-regexp-0.1.7.tgz",
      "integrity": "sha1-32BBeABfUi8V60SQ5yR6G/qmf4w="
    },
    "process-nextick-args": {
      "version": "1.0.7",
      "resolved": "https://registry.npmjs.org/process-nextick-args/-/process-nextick-args-1.0.7.tgz",
      "integrity": "sha1-FQ4gt1ZZCtP5EJPyWk8q2L/zC6M="
    },
    "promise": {
      "version": "6.1.0",
      "resolved": "https://registry.npmjs.org/promise/-/promise-6.1.0.tgz",
      "integrity": "sha1-LOcp9rlLRcJoka0GAsXJDgTG7vY=",
      "requires": {
        "asap": "1.0.0"
      }
    },
    "proxy-addr": {
      "version": "1.1.5",
      "resolved": "https://registry.npmjs.org/proxy-addr/-/proxy-addr-1.1.5.tgz",
      "integrity": "sha1-ccDuOxAt4/IC87ZPYI0XP8uhqRg=",
      "requires": {
        "forwarded": "0.1.2",
        "ipaddr.js": "1.4.0"
      }
    },
    "qs": {
      "version": "6.5.1",
      "resolved": "https://registry.npmjs.org/qs/-/qs-6.5.1.tgz",
      "integrity": "sha512-eRzhrN1WSINYCDCbrz796z37LOe3m5tmW7RQf6oBntukAG1nmovJvhnwHHRMAfeoItc1m2Hk02WER2aQ/iqs+A=="
    },
    "range-parser": {
      "version": "1.2.0",
      "resolved": "https://registry.npmjs.org/range-parser/-/range-parser-1.2.0.tgz",
      "integrity": "sha1-9JvmtIeJTdxA3MlKMi9hEJLgDV4="
    },
    "raw-body": {
      "version": "2.3.2",
      "resolved": "https://registry.npmjs.org/raw-body/-/raw-body-2.3.2.tgz",
      "integrity": "sha1-vNYMd9Prk83gBQKVw/N5OJvIj4k=",
      "requires": {
        "bytes": "3.0.0",
        "http-errors": "1.6.2",
        "iconv-lite": "0.4.19",
        "unpipe": "1.0.0"
      }
    },
    "readable-stream": {
      "version": "2.3.3",
      "resolved": "https://registry.npmjs.org/readable-stream/-/readable-stream-2.3.3.tgz",
      "integrity": "sha512-m+qzzcn7KUxEmd1gMbchF+Y2eIUbieUaxkWtptyHywrX0rE8QEYqPC07Vuy4Wm32/xE16NcdBctb8S0Xe/5IeQ==",
      "requires": {
        "core-util-is": "1.0.2",
        "inherits": "2.0.3",
        "isarray": "1.0.0",
        "process-nextick-args": "1.0.7",
        "safe-buffer": "5.1.1",
        "string_decoder": "1.0.3",
        "util-deprecate": "1.0.2"
      }
    },
    "repeat-string": {
      "version": "1.6.1",
      "resolved": "https://registry.npmjs.org/repeat-string/-/repeat-string-1.6.1.tgz",
      "integrity": "sha1-jcrkcOHIirwtYA//Sndihtp15jc="
    },
    "right-align": {
      "version": "0.1.3",
      "resolved": "https://registry.npmjs.org/right-align/-/right-align-0.1.3.tgz",
      "integrity": "sha1-YTObci/mo1FWiSENJOFMlhSGE+8=",
      "requires": {
        "align-text": "0.1.4"
      }
    },
    "safe-buffer": {
      "version": "5.1.1",
      "resolved": "https://registry.npmjs.org/safe-buffer/-/safe-buffer-5.1.1.tgz",
      "integrity": "sha512-kKvNJn6Mm93gAczWVJg7wH+wGYWNrDHdWvpUmHyEsgCtIwwo3bqPtV4tR5tuPaUhTOo/kvhVwd8XwwOllGYkbg=="
    },
    "send": {
      "version": "0.15.6",
      "resolved": "https://registry.npmjs.org/send/-/send-0.15.6.tgz",
      "integrity": "sha1-IPI6nJJbdiq4JwX+L52yUqzkfjQ=",
      "requires": {
        "debug": "2.6.9",
        "depd": "1.1.2",
        "destroy": "1.0.4",
        "encodeurl": "1.0.2",
        "escape-html": "1.0.3",
        "etag": "1.8.1",
        "fresh": "0.5.2",
        "http-errors": "1.6.2",
        "mime": "1.3.4",
        "ms": "2.0.0",
        "on-finished": "2.3.0",
        "range-parser": "1.2.0",
        "statuses": "1.3.1"
      },
      "dependencies": {
        "statuses": {
          "version": "1.3.1",
          "resolved": "https://registry.npmjs.org/statuses/-/statuses-1.3.1.tgz",
          "integrity": "sha1-+vUbnrdKrvOzrPStX2Gr8ky3uT4="
        }
      }
    },
    "serve-favicon": {
      "version": "2.4.5",
      "resolved": "https://registry.npmjs.org/serve-favicon/-/serve-favicon-2.4.5.tgz",
      "integrity": "sha512-s7F8h2NrslMkG50KxvlGdj+ApSwaLex0vexuJ9iFf3GLTIp1ph/l1qZvRe9T9TJEYZgmq72ZwJ2VYiAEtChknw==",
      "requires": {
        "etag": "1.8.1",
        "fresh": "0.5.2",
        "ms": "2.0.0",
        "parseurl": "1.3.2",
        "safe-buffer": "5.1.1"
      }
    },
    "serve-static": {
      "version": "1.12.6",
      "resolved": "https://registry.npmjs.org/serve-static/-/serve-static-1.12.6.tgz",
      "integrity": "sha1-uXN3P2NEmTTaVOW+ul4x2fQhFXc=",
      "requires": {
        "encodeurl": "1.0.2",
        "escape-html": "1.0.3",
        "parseurl": "1.3.2",
        "send": "0.15.6"
      }
    },
    "setprototypeof": {
      "version": "1.0.3",
      "resolved": "https://registry.npmjs.org/setprototypeof/-/setprototypeof-1.0.3.tgz",
      "integrity": "sha1-ZlZ+NwQ+608E2RvWWMDL77VbjgQ="
    },
    "source-map": {
      "version": "0.4.4",
      "resolved": "https://registry.npmjs.org/source-map/-/source-map-0.4.4.tgz",
      "integrity": "sha1-66T12pwNyZneaAMti092FzZSA2s=",
      "requires": {
        "amdefine": "1.0.1"
      }
    },
    "sqlstring": {
      "version": "2.3.0",
      "resolved": "https://registry.npmjs.org/sqlstring/-/sqlstring-2.3.0.tgz",
      "integrity": "sha1-UluKT9Jtb3GqYegipsr5dtMa0qg="
    },
    "statuses": {
      "version": "1.4.0",
      "resolved": "https://registry.npmjs.org/statuses/-/statuses-1.4.0.tgz",
      "integrity": "sha512-zhSCtt8v2NDrRlPQpCNtw/heZLtfUDqxBM1udqikb/Hbk52LK4nQSwr10u77iopCW5LsyHpuXS0GnEc48mLeew=="
    },
    "string_decoder": {
      "version": "1.0.3",
      "resolved": "https://registry.npmjs.org/string_decoder/-/string_decoder-1.0.3.tgz",
      "integrity": "sha512-4AH6Z5fzNNBcH+6XDMfA/BTt87skxqJlO0lAh3Dker5zThcAxG6mKz+iGu308UKoPPQ8Dcqx/4JhujzltRa+hQ==",
      "requires": {
        "safe-buffer": "5.1.1"
      }
    },
    "transformers": {
      "version": "2.1.0",
      "resolved": "https://registry.npmjs.org/transformers/-/transformers-2.1.0.tgz",
      "integrity": "sha1-XSPLNVYd2F3Gf7hIIwm0fVPM6ac=",
      "requires": {
        "css": "1.0.8",
        "promise": "2.0.0",
        "uglify-js": "2.2.5"
      },
      "dependencies": {
        "is-promise": {
          "version": "1.0.1",
          "resolved": "https://registry.npmjs.org/is-promise/-/is-promise-1.0.1.tgz",
          "integrity": "sha1-MVc3YcBX4zwukaq56W2gjO++duU="
        },
        "promise": {
          "version": "2.0.0",
          "resolved": "https://registry.npmjs.org/promise/-/promise-2.0.0.tgz",
          "integrity": "sha1-RmSKqdYFr10ucMMCS/WUNtoCuA4=",
          "requires": {
            "is-promise": "1.0.1"
          }
        },
        "source-map": {
          "version": "0.1.43",
          "resolved": "https://registry.npmjs.org/source-map/-/source-map-0.1.43.tgz",
          "integrity": "sha1-wkvBRspRfBRx9drL4lcbK3+eM0Y=",
          "requires": {
            "amdefine": "1.0.1"
          }
        },
        "uglify-js": {
          "version": "2.2.5",
          "resolved": "https://registry.npmjs.org/uglify-js/-/uglify-js-2.2.5.tgz",
          "integrity": "sha1-puAqcNg5eSuXgEiLe4sYTAlcmcc=",
          "requires": {
            "optimist": "0.3.7",
            "source-map": "0.1.43"
          }
        }
      }
    },
    "type-is": {
      "version": "1.6.16",
      "resolved": "https://registry.npmjs.org/type-is/-/type-is-1.6.16.tgz",
      "integrity": "sha512-HRkVv/5qY2G6I8iab9cI7v1bOIdhm94dVjQCPFElW9W+3GeDOSHmy2EBYe4VTApuzolPcmgFTN3ftVJRKR2J9Q==",
      "requires": {
        "media-typer": "0.3.0",
        "mime-types": "2.1.18"
      }
    },
    "uglify-js": {
      "version": "2.8.29",
      "resolved": "https://registry.npmjs.org/uglify-js/-/uglify-js-2.8.29.tgz",
      "integrity": "sha1-KcVzMUgFe7Th913zW3qcty5qWd0=",
      "requires": {
        "source-map": "0.5.7",
        "uglify-to-browserify": "1.0.2",
        "yargs": "3.10.0"
      },
      "dependencies": {
        "source-map": {
          "version": "0.5.7",
          "resolved": "https://registry.npmjs.org/source-map/-/source-map-0.5.7.tgz",
          "integrity": "sha1-igOdLRAh0i0eoUyA2OpGi6LvP8w="
        }
      }
    },
    "uglify-to-browserify": {
      "version": "1.0.2",
      "resolved": "https://registry.npmjs.org/uglify-to-browserify/-/uglify-to-browserify-1.0.2.tgz",
      "integrity": "sha1-bgkk1r2mta/jSeOabWMoUKD4grc=",
      "optional": true
    },
    "unpipe": {
      "version": "1.0.0",
      "resolved": "https://registry.npmjs.org/unpipe/-/unpipe-1.0.0.tgz",
      "integrity": "sha1-sr9O6FFKrmFltIF4KdIbLvSZBOw="
    },
    "util-deprecate": {
      "version": "1.0.2",
      "resolved": "https://registry.npmjs.org/util-deprecate/-/util-deprecate-1.0.2.tgz",
      "integrity": "sha1-RQ1Nyfpw3nMnYvvS1KKJgUGaDM8="
    },
    "utils-merge": {
      "version": "1.0.0",
      "resolved": "https://registry.npmjs.org/utils-merge/-/utils-merge-1.0.0.tgz",
      "integrity": "sha1-ApT7kiu5N1FTVBxPcJYjHyh8ivg="
    },
    "vary": {
      "version": "1.1.2",
      "resolved": "https://registry.npmjs.org/vary/-/vary-1.1.2.tgz",
      "integrity": "sha1-IpnwLG3tMNSllhsLn3RSShj2NPw="
    },
    "void-elements": {
      "version": "2.0.1",
      "resolved": "https://registry.npmjs.org/void-elements/-/void-elements-2.0.1.tgz",
      "integrity": "sha1-wGavtYK7HLQSjWDqkjkulNXp2+w="
    },
    "window-size": {
      "version": "0.1.0",
      "resolved": "https://registry.npmjs.org/window-size/-/window-size-0.1.0.tgz",
      "integrity": "sha1-VDjNLqk7IC76Ohn+iIeu58lPnJ0="
    },
    "with": {
      "version": "4.0.3",
      "resolved": "https://registry.npmjs.org/with/-/with-4.0.3.tgz",
      "integrity": "sha1-7v0VTp550sjTQXtkeo8U2f7M4U4=",
      "requires": {
        "acorn": "1.2.2",
        "acorn-globals": "1.0.9"
      },
      "dependencies": {
        "acorn": {
          "version": "1.2.2",
          "resolved": "https://registry.npmjs.org/acorn/-/acorn-1.2.2.tgz",
          "integrity": "sha1-yM4n3grMdtiW0rH6099YjZ6C8BQ="
        }
      }
    },
    "wordwrap": {
      "version": "0.0.3",
      "resolved": "https://registry.npmjs.org/wordwrap/-/wordwrap-0.0.3.tgz",
      "integrity": "sha1-o9XabNXAvAAI03I0u68b7WMFkQc="
    },
    "yargs": {
      "version": "3.10.0",
      "resolved": "https://registry.npmjs.org/yargs/-/yargs-3.10.0.tgz",
      "integrity": "sha1-9+572FfdfB0tOMDnTvvWgdFDH9E=",
      "requires": {
        "camelcase": "1.2.1",
        "cliui": "2.1.0",
        "decamelize": "1.2.0",
        "window-size": "0.1.0"
      }
    }
  }
}
